
Microsoft Visual Studio Solution File, Format Version 12.00
# Visual Studio Version 16
VisualStudioVersion = 16.0.31515.178
MinimumVisualStudioVersion = 10.0.40219.1
Project("{8BC9CEB8-8B4A-11D0-8D11-00A0C91BC942}") = "Mix_column", "Mix_column\Mix_column.vcxproj", "{CEDA2204-8119-4D0C-9AF0-93561B0A2459}"
EndProject
Global
	GlobalSection(SolutionConfigurationPlatforms) = preSolution
		Debug|x64 = Debug|x64
		Debug|x86 = Debug|x86
		Release|x64 = Release|x64
		Release|x86 = Release|x86
	EndGlobalSection
	GlobalSection(ProjectConfigurationPlatforms) = postSolution
		{CEDA2204-8119-4D0C-9AF0-93561B0A2459}.Debug|x64.ActiveCfg = Debug|x64
		{CEDA2204-8119-4D0C-9AF0-93561B0A2459}.Debug|x64.Build.0 = Debug|x64
		{CEDA2204-8119-4D0C-9AF0-93561B0A2459}.Debug|x86.ActiveCfg = Debug|Win32
		{CEDA2204-8119-4D0C-9AF0-93561B0A2459}.Debug|x86.Build.0 = Debug|Win32
		{CEDA2204-8119-4D0C-9AF0-93561B0A2459}.Release|x64.ActiveCfg = Release|x64
		{CEDA2204-8119-4D0C-9AF0-93561B0A2459}.Release|x64.Build.0 = Release|x64
		{CEDA2204-8119-4D0C-9AF0-93561B0A2459}.Release|x86.ActiveCfg = Release|Win32
		{CEDA2204-8119-4D0C-9AF0-93561B0A2459}.Release|x86.Build.0 = Release|Win32
	EndGlobalSection
	GlobalSection(SolutionProperties) = preSolution
		HideSolutionNode = FALSE
	EndGlobalSection
	GlobalSection(ExtensibilityGlobals) = postSolution
		SolutionGuid = {AF896F1D-C20A-4544-A9BE-1528DCF46A9C}
	EndGlobalSection
EndGlobal
